
Microsoft Visual Studio Solution File, Format Version 12.00
# Visual Studio Version 17
VisualStudioVersion = 17.4.33103.184
MinimumVisualStudioVersion = 10.0.40219.1
Project("{FAE04EC0-301F-11D3-BF4B-00C04F79EFBC}") = "CourierManagementSystem.Web", "CourierManagementSystem.Web\CourierManagementSystem.Web.csproj", "{4BD0BF99-0019-4A1D-9281-FAD18530A346}"
EndProject
Project("{FAE04EC0-301F-11D3-BF4B-00C04F79EFBC}") = "CourierManagementSystem.Models", "CourierManagementSystem.Models\CourierManagementSystem.Models.csproj", "{E79CC387-D2B5-4C90-BF17-425ADA976710}"
EndProject
Project("{FAE04EC0-301F-11D3-BF4B-00C04F79EFBC}") = "CourierManagementSystem.DataAccess", "CourierManagementSystem.DataAccess\CourierManagementSystem.DataAccess.csproj", "{50A38288-4B47-4374-82CC-BC4E257671FF}"
EndProject
Global
	GlobalSection(SolutionConfigurationPlatforms) = preSolution
		Debug|Any CPU = Debug|Any CPU
		Release|Any CPU = Release|Any CPU
	EndGlobalSection
	GlobalSection(ProjectConfigurationPlatforms) = postSolution
		{4BD0BF99-0019-4A1D-9281-FAD18530A346}.Debug|Any CPU.ActiveCfg = Debug|Any CPU
		{4BD0BF99-0019-4A1D-9281-FAD18530A346}.Debug|Any CPU.Build.0 = Debug|Any CPU
		{4BD0BF99-0019-4A1D-9281-FAD18530A346}.Release|Any CPU.ActiveCfg = Release|Any CPU
		{4BD0BF99-0019-4A1D-9281-FAD18530A346}.Release|Any CPU.Build.0 = Release|Any CPU
		{E79CC387-D2B5-4C90-BF17-425ADA976710}.Debug|Any CPU.ActiveCfg = Debug|Any CPU
		{E79CC387-D2B5-4C90-BF17-425ADA976710}.Debug|Any CPU.Build.0 = Debug|Any CPU
		{E79CC387-D2B5-4C90-BF17-425ADA976710}.Release|Any CPU.ActiveCfg = Release|Any CPU
		{E79CC387-D2B5-4C90-BF17-425ADA976710}.Release|Any CPU.Build.0 = Release|Any CPU
		{50A38288-4B47-4374-82CC-BC4E257671FF}.Debug|Any CPU.ActiveCfg = Debug|Any CPU
		{50A38288-4B47-4374-82CC-BC4E257671FF}.Debug|Any CPU.Build.0 = Debug|Any CPU
		{50A38288-4B47-4374-82CC-BC4E257671FF}.Release|Any CPU.ActiveCfg = Release|Any CPU
		{50A38288-4B47-4374-82CC-BC4E257671FF}.Release|Any CPU.Build.0 = Release|Any CPU
	EndGlobalSection
	GlobalSection(SolutionProperties) = preSolution
		HideSolutionNode = FALSE
	EndGlobalSection
	GlobalSection(ExtensibilityGlobals) = postSolution
		SolutionGuid = {11989054-9A42-4000-84CC-B17FD96966B3}
	EndGlobalSection
EndGlobal
